// !$*UTF8*$!
{
	archiveVersion = 1;
	classes = {
	};
	objectVersion = 55;
	objects = {

/* Begin PBXBuildFile section */
		91047EBA27EA2855004B6070 /* APMapPinApp.swift in Sources */ = {isa = PBXBuildFile; fileRef = 91047EB927EA2855004B6070 /* APMapPinApp.swift */; };
		91047EBC27EA2855004B6070 /* MapPinView.swift in Sources */ = {isa = PBXBuildFile; fileRef = 91047EBB27EA2855004B6070 /* MapPinView.swift */; };
		91047EBE27EA2856004B6070 /* Assets.xcassets in Resources */ = {isa = PBXBuildFile; fileRef = 91047EBD27EA2856004B6070 /* Assets.xcassets */; };
		91047EC127EA2856004B6070 /* Preview Assets.xcassets in Resources */ = {isa = PBXBuildFile; fileRef = 91047EC027EA2856004B6070 /* Preview Assets.xcassets */; };
		91047EC827EA2896004B6070 /* CoreData.swift in Sources */ = {isa = PBXBuildFile; fileRef = 91047EC727EA2896004B6070 /* CoreData.swift */; };
		91047ECB27EA29EA004B6070 /* MapPinCoreData.xcdatamodeld in Sources */ = {isa = PBXBuildFile; fileRef = 91047EC927EA29EA004B6070 /* MapPinCoreData.xcdatamodeld */; };
		91047ECF27EA2DA5004B6070 /* MapPinViewModel.swift in Sources */ = {isa = PBXBuildFile; fileRef = 91047ECE27EA2DA5004B6070 /* MapPinViewModel.swift */; };
		91047EDD27EA2F01004B6070 /* Route+CoreDataClass.swift in Sources */ = {isa = PBXBuildFile; fileRef = 91047ED927EA2F01004B6070 /* Route+CoreDataClass.swift */; };
		91047EDE27EA2F01004B6070 /* Route+CoreDataProperties.swift in Sources */ = {isa = PBXBuildFile; fileRef = 91047EDA27EA2F01004B6070 /* Route+CoreDataProperties.swift */; };
		91047EDF27EA2F01004B6070 /* MapPin+CoreDataClass.swift in Sources */ = {isa = PBXBuildFile; fileRef = 91047EDB27EA2F01004B6070 /* MapPin+CoreDataClass.swift */; };
		91047EE027EA2F01004B6070 /* MapPin+CoreDataProperties.swift in Sources */ = {isa = PBXBuildFile; fileRef = 91047EDC27EA2F01004B6070 /* MapPin+CoreDataProperties.swift */; };
		91047EE227EA2F44004B6070 /* RouteMapPinExtensions.swift in Sources */ = {isa = PBXBuildFile; fileRef = 91047EE127EA2F43004B6070 /* RouteMapPinExtensions.swift */; };
		911C723A27EAE01000F027DC /* RoutePoint+CoreDataClass.swift in Sources */ = {isa = PBXBuildFile; fileRef = 911C723827EAE01000F027DC /* RoutePoint+CoreDataClass.swift */; };
		911C723B27EAE01000F027DC /* RoutePoint+CoreDataProperties.swift in Sources */ = {isa = PBXBuildFile; fileRef = 911C723927EAE01000F027DC /* RoutePoint+CoreDataProperties.swift */; };
		911C723D27EAE94500F027DC /* RoutePointView.swift in Sources */ = {isa = PBXBuildFile; fileRef = 911C723C27EAE94500F027DC /* RoutePointView.swift */; };
		9136D33327EA7FBD00D06F7F /* RouteView.swift in Sources */ = {isa = PBXBuildFile; fileRef = 9136D33227EA7FBD00D06F7F /* RouteView.swift */; };
/* End PBXBuildFile section */

/* Begin PBXFileReference section */
		91047EB627EA2855004B6070 /* APMapPin.app */ = {isa = PBXFileReference; explicitFileType = wrapper.application; includeInIndex = 0; path = APMapPin.app; sourceTree = BUILT_PRODUCTS_DIR; };
		91047EB927EA2855004B6070 /* APMapPinApp.swift */ = {isa = PBXFileReference; lastKnownFileType = sourcecode.swift; path = APMapPinApp.swift; sourceTree = "<group>"; };
		91047EBB27EA2855004B6070 /* MapPinView.swift */ = {isa = PBXFileReference; lastKnownFileType = sourcecode.swift; path = MapPinView.swift; sourceTree = "<group>"; };
		91047EBD27EA2856004B6070 /* Assets.xcassets */ = {isa = PBXFileReference; lastKnownFileType = folder.assetcatalog; path = Assets.xcassets; sourceTree = "<group>"; };
		91047EC027EA2856004B6070 /* Preview Assets.xcassets */ = {isa = PBXFileReference; lastKnownFileType = folder.assetcatalog; path = "Preview Assets.xcassets"; sourceTree = "<group>"; };
		91047EC727EA2896004B6070 /* CoreData.swift */ = {isa = PBXFileReference; lastKnownFileType = sourcecode.swift; path = CoreData.swift; sourceTree = "<group>"; };
		91047ECA27EA29EA004B6070 /* MapPinCoreData.xcdatamodel */ = {isa = PBXFileReference; lastKnownFileType = wrapper.xcdatamodel; path = MapPinCoreData.xcdatamodel; sourceTree = "<group>"; };
		91047ECE27EA2DA5004B6070 /* MapPinViewModel.swift */ = {isa = PBXFileReference; lastKnownFileType = sourcecode.swift; path = MapPinViewModel.swift; sourceTree = "<group>"; };
		91047ED927EA2F01004B6070 /* Route+CoreDataClass.swift */ = {isa = PBXFileReference; lastKnownFileType = sourcecode.swift; path = "Route+CoreDataClass.swift"; sourceTree = "<group>"; };
		91047EDA27EA2F01004B6070 /* Route+CoreDataProperties.swift */ = {isa = PBXFileReference; lastKnownFileType = sourcecode.swift; path = "Route+CoreDataProperties.swift"; sourceTree = "<group>"; };
		91047EDB27EA2F01004B6070 /* MapPin+CoreDataClass.swift */ = {isa = PBXFileReference; lastKnownFileType = sourcecode.swift; path = "MapPin+CoreDataClass.swift"; sourceTree = "<group>"; };
		91047EDC27EA2F01004B6070 /* MapPin+CoreDataProperties.swift */ = {isa = PBXFileReference; lastKnownFileType = sourcecode.swift; path = "MapPin+CoreDataProperties.swift"; sourceTree = "<group>"; };
		91047EE127EA2F43004B6070 /* RouteMapPinExtensions.swift */ = {isa = PBXFileReference; lastKnownFileType = sourcecode.swift; path = RouteMapPinExtensions.swift; sourceTree = "<group>"; };
		911C723727EADEF400F027DC /* MapPinCoreData 2.xcdatamodel */ = {isa = PBXFileReference; lastKnownFileType = wrapper.xcdatamodel; path = "MapPinCoreData 2.xcdatamodel"; sourceTree = "<group>"; };
		911C723827EAE01000F027DC /* RoutePoint+CoreDataClass.swift */ = {isa = PBXFileReference; lastKnownFileType = sourcecode.swift; path = "RoutePoint+CoreDataClass.swift"; sourceTree = "<group>"; };
		911C723927EAE01000F027DC /* RoutePoint+CoreDataProperties.swift */ = {isa = PBXFileReference; lastKnownFileType = sourcecode.swift; path = "RoutePoint+CoreDataProperties.swift"; sourceTree = "<group>"; };
		911C723C27EAE94500F027DC /* RoutePointView.swift */ = {isa = PBXFileReference; lastKnownFileType = sourcecode.swift; path = RoutePointView.swift; sourceTree = "<group>"; };
		9136D33227EA7FBD00D06F7F /* RouteView.swift */ = {isa = PBXFileReference; lastKnownFileType = sourcecode.swift; path = RouteView.swift; sourceTree = "<group>"; };
/* End PBXFileReference section */

/* Begin PBXFrameworksBuildPhase section */
		91047EB327EA2855004B6070 /* Frameworks */ = {
			isa = PBXFrameworksBuildPhase;
			buildActionMask = 2147483647;
			files = (
			);
			runOnlyForDeploymentPostprocessing = 0;
		};
/* End PBXFrameworksBuildPhase section */

/* Begin PBXGroup section */
		91047EAD27EA2855004B6070 = {
			isa = PBXGroup;
			children = (
				911C723827EAE01000F027DC /* RoutePoint+CoreDataClass.swift */,
				911C723927EAE01000F027DC /* RoutePoint+CoreDataProperties.swift */,
				91047ED927EA2F01004B6070 /* Route+CoreDataClass.swift */,
				91047EDA27EA2F01004B6070 /* Route+CoreDataProperties.swift */,
				91047EDB27EA2F01004B6070 /* MapPin+CoreDataClass.swift */,
				91047EDC27EA2F01004B6070 /* MapPin+CoreDataProperties.swift */,
				91047EB827EA2855004B6070 /* APMapPin */,
				91047EB727EA2855004B6070 /* Products */,
			);
			sourceTree = "<group>";
		};
		91047EB727EA2855004B6070 /* Products */ = {
			isa = PBXGroup;
			children = (
				91047EB627EA2855004B6070 /* APMapPin.app */,
			);
			name = Products;
			sourceTree = "<group>";
		};
		91047EB827EA2855004B6070 /* APMapPin */ = {
			isa = PBXGroup;
			children = (
				91047EB927EA2855004B6070 /* APMapPinApp.swift */,
				91047ECD27EA2D5A004B6070 /* ViewModels */,
				91047ECC27EA2D52004B6070 /* Views */,
				91047ED027EA2E54004B6070 /* Models */,
				91047EBD27EA2856004B6070 /* Assets.xcassets */,
				91047EBF27EA2856004B6070 /* Preview Content */,
			);
			path = APMapPin;
			sourceTree = "<group>";
		};
		91047EBF27EA2856004B6070 /* Preview Content */ = {
			isa = PBXGroup;
			children = (
				91047EC027EA2856004B6070 /* Preview Assets.xcassets */,
			);
			path = "Preview Content";
			sourceTree = "<group>";
		};
		91047ECC27EA2D52004B6070 /* Views */ = {
			isa = PBXGroup;
			children = (
				91047EBB27EA2855004B6070 /* MapPinView.swift */,
				9136D33227EA7FBD00D06F7F /* RouteView.swift */,
				911C723C27EAE94500F027DC /* RoutePointView.swift */,
			);
			path = Views;
			sourceTree = "<group>";
		};
		91047ECD27EA2D5A004B6070 /* ViewModels */ = {
			isa = PBXGroup;
			children = (
				91047ECE27EA2DA5004B6070 /* MapPinViewModel.swift */,
			);
			path = ViewModels;
			sourceTree = "<group>";
		};
		91047ED027EA2E54004B6070 /* Models */ = {
			isa = PBXGroup;
			children = (
				91047EC927EA29EA004B6070 /* MapPinCoreData.xcdatamodeld */,
				91047EC727EA2896004B6070 /* CoreData.swift */,
				91047EE127EA2F43004B6070 /* RouteMapPinExtensions.swift */,
			);
			path = Models;
			sourceTree = "<group>";
		};
/* End PBXGroup section */

/* Begin PBXNativeTarget section */
		91047EB527EA2855004B6070 /* APMapPin */ = {
			isa = PBXNativeTarget;
			buildConfigurationList = 91047EC427EA2856004B6070 /* Build configuration list for PBXNativeTarget "APMapPin" */;
			buildPhases = (
				91047EB227EA2855004B6070 /* Sources */,
				91047EB327EA2855004B6070 /* Frameworks */,
				91047EB427EA2855004B6070 /* Resources */,
			);
			buildRules = (
			);
			dependencies = (
			);
			name = APMapPin;
			productName = APMapPin;
			productReference = 91047EB627EA2855004B6070 /* APMapPin.app */;
			productType = "com.apple.product-type.application";
		};
/* End PBXNativeTarget section */

/* Begin PBXProject section */
		91047EAE27EA2855004B6070 /* Project object */ = {
			isa = PBXProject;
			attributes = {
				BuildIndependentTargetsInParallel = 1;
				LastSwiftUpdateCheck = 1330;
				LastUpgradeCheck = 1330;
				TargetAttributes = {
					91047EB527EA2855004B6070 = {
						CreatedOnToolsVersion = 13.3;
					};
				};
			};
			buildConfigurationList = 91047EB127EA2855004B6070 /* Build configuration list for PBXProject "APMapPin" */;
			compatibilityVersion = "Xcode 13.0";
			developmentRegion = en;
			hasScannedForEncodings = 0;
			knownRegions = (
				en,
				Base,
			);
			mainGroup = 91047EAD27EA2855004B6070;
			productRefGroup = 91047EB727EA2855004B6070 /* Products */;
			projectDirPath = "";
			projectRoot = "";
			targets = (
				91047EB527EA2855004B6070 /* APMapPin */,
			);
		};
/* End PBXProject section */

/* Begin PBXResourcesBuildPhase section */
		91047EB427EA2855004B6070 /* Resources */ = {
			isa = PBXResourcesBuildPhase;
			buildActionMask = 2147483647;
			files = (
				91047EC127EA2856004B6070 /* Preview Assets.xcassets in Resources */,
				91047EBE27EA2856004B6070 /* Assets.xcassets in Resources */,
			);
			runOnlyForDeploymentPostprocessing = 0;
		};
/* End PBXResourcesBuildPhase section */

/* Begin PBXSourcesBuildPhase section */
		91047EB227EA2855004B6070 /* Sources */ = {
			isa = PBXSourcesBuildPhase;
			buildActionMask = 2147483647;
			files = (
				9136D33327EA7FBD00D06F7F /* RouteView.swift in Sources */,
				911C723B27EAE01000F027DC /* RoutePoint+CoreDataProperties.swift in Sources */,
				91047EE227EA2F44004B6070 /* RouteMapPinExtensions.swift in Sources */,
				91047EBC27EA2855004B6070 /* MapPinView.swift in Sources */,
				91047EC827EA2896004B6070 /* CoreData.swift in Sources */,
				91047ECF27EA2DA5004B6070 /* MapPinViewModel.swift in Sources */,
				91047EDE27EA2F01004B6070 /* Route+CoreDataProperties.swift in Sources */,
				91047EDD27EA2F01004B6070 /* Route+CoreDataClass.swift in Sources */,
				91047EBA27EA2855004B6070 /* APMapPinApp.swift in Sources */,
				911C723D27EAE94500F027DC /* RoutePointView.swift in Sources */,
				91047EDF27EA2F01004B6070 /* MapPin+CoreDataClass.swift in Sources */,
				91047ECB27EA29EA004B6070 /* MapPinCoreData.xcdatamodeld in Sources */,
				911C723A27EAE01000F027DC /* RoutePoint+CoreDataClass.swift in Sources */,
				91047EE027EA2F01004B6070 /* MapPin+CoreDataProperties.swift in Sources */,
			);
			runOnlyForDeploymentPostprocessing = 0;
		};
/* End PBXSourcesBuildPhase section */

/* Begin XCBuildConfiguration section */
		91047EC227EA2856004B6070 /* Debug */ = {
			isa = XCBuildConfiguration;
			buildSettings = {
				ALWAYS_SEARCH_USER_PATHS = NO;
				CLANG_ANALYZER_NONNULL = YES;
				CLANG_ANALYZER_NUMBER_OBJECT_CONVERSION = YES_AGGRESSIVE;
				CLANG_CXX_LANGUAGE_STANDARD = "gnu++17";
				CLANG_ENABLE_MODULES = YES;
				CLANG_ENABLE_OBJC_ARC = YES;
				CLANG_ENABLE_OBJC_WEAK = YES;
				CLANG_WARN_BLOCK_CAPTURE_AUTORELEASING = YES;
				CLANG_WARN_BOOL_CONVERSION = YES;
				CLANG_WARN_COMMA = YES;
				CLANG_WARN_CONSTANT_CONVERSION = YES;
				CLANG_WARN_DEPRECATED_OBJC_IMPLEMENTATIONS = YES;
				CLANG_WARN_DIRECT_OBJC_ISA_USAGE = YES_ERROR;
				CLANG_WARN_DOCUMENTATION_COMMENTS = YES;
				CLANG_WARN_EMPTY_BODY = YES;
				CLANG_WARN_ENUM_CONVERSION = YES;
				CLANG_WARN_INFINITE_RECURSION = YES;
				CLANG_WARN_INT_CONVERSION = YES;
				CLANG_WARN_NON_LITERAL_NULL_CONVERSION = YES;
				CLANG_WARN_OBJC_IMPLICIT_RETAIN_SELF = YES;
				CLANG_WARN_OBJC_LITERAL_CONVERSION = YES;
				CLANG_WARN_OBJC_ROOT_CLASS = YES_ERROR;
				CLANG_WARN_QUOTED_INCLUDE_IN_FRAMEWORK_HEADER = YES;
				CLANG_WARN_RANGE_LOOP_ANALYSIS = YES;
				CLANG_WARN_STRICT_PROTOTYPES = YES;
				CLANG_WARN_SUSPICIOUS_MOVE = YES;
				CLANG_WARN_UNGUARDED_AVAILABILITY = YES_AGGRESSIVE;
				CLANG_WARN_UNREACHABLE_CODE = YES;
				CLANG_WARN__DUPLICATE_METHOD_MATCH = YES;
				COPY_PHASE_STRIP = NO;
				DEBUG_INFORMATION_FORMAT = dwarf;
				ENABLE_STRICT_OBJC_MSGSEND = YES;
				ENABLE_TESTABILITY = YES;
				GCC_C_LANGUAGE_STANDARD = gnu11;
				GCC_DYNAMIC_NO_PIC = NO;
				GCC_NO_COMMON_BLOCKS = YES;
				GCC_OPTIMIZATION_LEVEL = 0;
				GCC_PREPROCESSOR_DEFINITIONS = (
					"DEBUG=1",
					"$(inherited)",
				);
				GCC_WARN_64_TO_32_BIT_CONVERSION = YES;
				GCC_WARN_ABOUT_RETURN_TYPE = YES_ERROR;
				GCC_WARN_UNDECLARED_SELECTOR = YES;
				GCC_WARN_UNINITIALIZED_AUTOS = YES_AGGRESSIVE;
				GCC_WARN_UNUSED_FUNCTION = YES;
				GCC_WARN_UNUSED_VARIABLE = YES;
				IPHONEOS_DEPLOYMENT_TARGET = 15.3;
				MTL_ENABLE_DEBUG_INFO = INCLUDE_SOURCE;
				MTL_FAST_MATH = YES;
				ONLY_ACTIVE_ARCH = YES;
				SDKROOT = iphoneos;
				SWIFT_ACTIVE_COMPILATION_CONDITIONS = DEBUG;
				SWIFT_OPTIMIZATION_LEVEL = "-Onone";
			};
			name = Debug;
		};
		91047EC327EA2856004B6070 /* Release */ = {
			isa = XCBuildConfiguration;
			buildSettings = {
				ALWAYS_SEARCH_USER_PATHS = NO;
				CLANG_ANALYZER_NONNULL = YES;
				CLANG_ANALYZER_NUMBER_OBJECT_CONVERSION = YES_AGGRESSIVE;
				CLANG_CXX_LANGUAGE_STANDARD = "gnu++17";
				CLANG_ENABLE_MODULES = YES;
				CLANG_ENABLE_OBJC_ARC = YES;
				CLANG_ENABLE_OBJC_WEAK = YES;
				CLANG_WARN_BLOCK_CAPTURE_AUTORELEASING = YES;
				CLANG_WARN_BOOL_CONVERSION = YES;
				CLANG_WARN_COMMA = YES;
				CLANG_WARN_CONSTANT_CONVERSION = YES;
				CLANG_WARN_DEPRECATED_OBJC_IMPLEMENTATIONS = YES;
				CLANG_WARN_DIRECT_OBJC_ISA_USAGE = YES_ERROR;
				CLANG_WARN_DOCUMENTATION_COMMENTS = YES;
				CLANG_WARN_EMPTY_BODY = YES;
				CLANG_WARN_ENUM_CONVERSION = YES;
				CLANG_WARN_INFINITE_RECURSION = YES;
				CLANG_WARN_INT_CONVERSION = YES;
				CLANG_WARN_NON_LITERAL_NULL_CONVERSION = YES;
				CLANG_WARN_OBJC_IMPLICIT_RETAIN_SELF = YES;
				CLANG_WARN_OBJC_LITERAL_CONVERSION = YES;
				CLANG_WARN_OBJC_ROOT_CLASS = YES_ERROR;
				CLANG_WARN_QUOTED_INCLUDE_IN_FRAMEWORK_HEADER = YES;
				CLANG_WARN_RANGE_LOOP_ANALYSIS = YES;
				CLANG_WARN_STRICT_PROTOTYPES = YES;
				CLANG_WARN_SUSPICIOUS_MOVE = YES;
				CLANG_WARN_UNGUARDED_AVAILABILITY = YES_AGGRESSIVE;
				CLANG_WARN_UNREACHABLE_CODE = YES;
				CLANG_WARN__DUPLICATE_METHOD_MATCH = YES;
				COPY_PHASE_STRIP = NO;
				DEBUG_INFORMATION_FORMAT = "dwarf-with-dsym";
				ENABLE_NS_ASSERTIONS = NO;
				ENABLE_STRICT_OBJC_MSGSEND = YES;
				GCC_C_LANGUAGE_STANDARD = gnu11;
				GCC_NO_COMMON_BLOCKS = YES;
				GCC_WARN_64_TO_32_BIT_CONVERSION = YES;
				GCC_WARN_ABOUT_RETURN_TYPE = YES_ERROR;
				GCC_WARN_UNDECLARED_SELECTOR = YES;
				GCC_WARN_UNINITIALIZED_AUTOS = YES_AGGRESSIVE;
				GCC_WARN_UNUSED_FUNCTION = YES;
				GCC_WARN_UNUSED_VARIABLE = YES;
				IPHONEOS_DEPLOYMENT_TARGET = 15.3;
				MTL_ENABLE_DEBUG_INFO = NO;
				MTL_FAST_MATH = YES;
				SDKROOT = iphoneos;
				SWIFT_COMPILATION_MODE = wholemodule;
				SWIFT_OPTIMIZATION_LEVEL = "-O";
				VALIDATE_PRODUCT = YES;
			};
			name = Release;
		};
		91047EC527EA2856004B6070 /* Debug */ = {
			isa = XCBuildConfiguration;
			buildSettings = {
				ASSETCATALOG_COMPILER_APPICON_NAME = AppIcon;
				ASSETCATALOG_COMPILER_GLOBAL_ACCENT_COLOR_NAME = AccentColor;
				CODE_SIGN_STYLE = Automatic;
				CURRENT_PROJECT_VERSION = 1;
				DEVELOPMENT_ASSET_PATHS = "\"APMapPin/Preview Content\"";
				DEVELOPMENT_TEAM = 28CH6K34FW;
				ENABLE_PREVIEWS = YES;
				GENERATE_INFOPLIST_FILE = YES;
				INFOPLIST_KEY_UIApplicationSceneManifest_Generation = YES;
				INFOPLIST_KEY_UIApplicationSupportsIndirectInputEvents = YES;
				INFOPLIST_KEY_UILaunchScreen_Generation = YES;
				INFOPLIST_KEY_UISupportedInterfaceOrientations_iPad = "UIInterfaceOrientationPortrait UIInterfaceOrientationPortraitUpsideDown UIInterfaceOrientationLandscapeLeft UIInterfaceOrientationLandscapeRight";
				INFOPLIST_KEY_UISupportedInterfaceOrientations_iPhone = "UIInterfaceOrientationPortrait UIInterfaceOrientationLandscapeLeft UIInterfaceOrientationLandscapeRight";
				LD_RUNPATH_SEARCH_PATHS = (
					"$(inherited)",
					"@executable_path/Frameworks",
				);
				MARKETING_VERSION = 1.0;
				PRODUCT_BUNDLE_IDENTIFIER = weecabin.APMapPin;
				PRODUCT_NAME = "$(TARGET_NAME)";
				SWIFT_EMIT_LOC_STRINGS = YES;
				SWIFT_VERSION = 5.0;
				TARGETED_DEVICE_FAMILY = "1,2";
			};
			name = Debug;
		};
		91047EC627EA2856004B6070 /* Release */ = {
			isa = XCBuildConfiguration;
			buildSettings = {
				ASSETCATALOG_COMPILER_APPICON_NAME = AppIcon;
				ASSETCATALOG_COMPILER_GLOBAL_ACCENT_COLOR_NAME = AccentColor;
				CODE_SIGN_STYLE = Automatic;
				CURRENT_PROJECT_VERSION = 1;
				DEVELOPMENT_ASSET_PATHS = "\"APMapPin/Preview Content\"";
				DEVELOPMENT_TEAM = 28CH6K34FW;
				ENABLE_PREVIEWS = YES;
				GENERATE_INFOPLIST_FILE = YES;
				INFOPLIST_KEY_UIApplicationSceneManifest_Generation = YES;
				INFOPLIST_KEY_UIApplicationSupportsIndirectInputEvents = YES;
				INFOPLIST_KEY_UILaunchScreen_Generation = YES;
				INFOPLIST_KEY_UISupportedInterfaceOrientations_iPad = "UIInterfaceOrientationPortrait UIInterfaceOrientationPortraitUpsideDown UIInterfaceOrientationLandscapeLeft UIInterfaceOrientationLandscapeRight";
				INFOPLIST_KEY_UISupportedInterfaceOrientations_iPhone = "UIInterfaceOrientationPortrait UIInterfaceOrientationLandscapeLeft UIInterfaceOrientationLandscapeRight";
				LD_RUNPATH_SEARCH_PATHS = (
					"$(inherited)",
					"@executable_path/Frameworks",
				);
				MARKETING_VERSION = 1.0;
				PRODUCT_BUNDLE_IDENTIFIER = weecabin.APMapPin;
				PRODUCT_NAME = "$(TARGET_NAME)";
				SWIFT_EMIT_LOC_STRINGS = YES;
				SWIFT_VERSION = 5.0;
				TARGETED_DEVICE_FAMILY = "1,2";
			};
			name = Release;
		};
/* End XCBuildConfiguration section */

/* Begin XCConfigurationList section */
		91047EB127EA2855004B6070 /* Build configuration list for PBXProject "APMapPin" */ = {
			isa = XCConfigurationList;
			buildConfigurations = (
				91047EC227EA2856004B6070 /* Debug */,
				91047EC327EA2856004B6070 /* Release */,
			);
			defaultConfigurationIsVisible = 0;
			defaultConfigurationName = Release;
		};
		91047EC427EA2856004B6070 /* Build configuration list for PBXNativeTarget "APMapPin" */ = {
			isa = XCConfigurationList;
			buildConfigurations = (
				91047EC527EA2856004B6070 /* Debug */,
				91047EC627EA2856004B6070 /* Release */,
			);
			defaultConfigurationIsVisible = 0;
			defaultConfigurationName = Release;
		};
/* End XCConfigurationList section */

/* Begin XCVersionGroup section */
		91047EC927EA29EA004B6070 /* MapPinCoreData.xcdatamodeld */ = {
			isa = XCVersionGroup;
			children = (
				911C723727EADEF400F027DC /* MapPinCoreData 2.xcdatamodel */,
				91047ECA27EA29EA004B6070 /* MapPinCoreData.xcdatamodel */,
			);
			currentVersion = 911C723727EADEF400F027DC /* MapPinCoreData 2.xcdatamodel */;
			path = MapPinCoreData.xcdatamodeld;
			sourceTree = "<group>";
			versionGroupType = wrapper.xcdatamodel;
		};
/* End XCVersionGroup section */
	};
	rootObject = 91047EAE27EA2855004B6070 /* Project object */;
}
